
Microsoft Visual Studio Solution File, Format Version 12.00
# Visual Studio Version 17
VisualStudioVersion = 17.10.35027.167
MinimumVisualStudioVersion = 10.0.40219.1
Project("{FAE04EC0-301F-11D3-BF4B-00C04F79EFBC}") = "Processes.Web", "Processes.Web\Processes.Web.csproj", "{5ACB659B-B211-4CBF-99F9-984A84823B59}"
EndProject
Project("{2150E333-8FDC-42A3-9474-1A3956D46DE8}") = "01.Clients", "01.Clients", "{6BB448FE-4C79-413F-88BC-DDFCE49F66F4}"
EndProject
Project("{2150E333-8FDC-42A3-9474-1A3956D46DE8}") = "03.Microservices", "03.Microservices", "{8AE49AAB-7F7E-4E8F-9F5D-EB7A398F53DA}"
EndProject
Project("{2150E333-8FDC-42A3-9474-1A3956D46DE8}") = "02.Common", "02.Common", "{0FC471C1-05F7-4196-A0C1-60FFAF63BD6C}"
EndProject
Project("{2150E333-8FDC-42A3-9474-1A3956D46DE8}") = "LoteClosure", "LoteClosure", "{791FFFBD-F15A-4366-81CE-7D2D97A74400}"
EndProject
Project("{2150E333-8FDC-42A3-9474-1A3956D46DE8}") = "04.Processesbatch", "04.Processesbatch", "{DD0D7204-426A-4E1D-83FB-4446137B3C45}"
EndProject
Project("{FAE04EC0-301F-11D3-BF4B-00C04F79EFBC}") = "Common", "..\..\Microservices\Common\Common.csproj", "{1DBAB8C1-C82B-45E0-B002-2F0F554BE43F}"
EndProject
Project("{2150E333-8FDC-42A3-9474-1A3956D46DE8}") = "01.API", "01.API", "{AE9B071E-4BC4-4CFA-AD55-6698D15BCF54}"
EndProject
Project("{2150E333-8FDC-42A3-9474-1A3956D46DE8}") = "04.Business", "04.Business", "{D2908EF3-2DF4-4D50-9562-602C3902BBF1}"
EndProject
Project("{2150E333-8FDC-42A3-9474-1A3956D46DE8}") = "02.Data", "02.Data", "{093349B3-DA63-4BBB-A0C1-3F8CBB649DB6}"
EndProject
Project("{2150E333-8FDC-42A3-9474-1A3956D46DE8}") = "03.Model", "03.Model", "{9CFEDDC4-F25B-44F1-9E73-50B31DA71E8E}"
EndProject
Project("{FAE04EC0-301F-11D3-BF4B-00C04F79EFBC}") = "LoteClosure.API", "..\..\Microservices\LoteClosure.API\LoteClosure.API.csproj", "{91D772CE-36F9-4F35-82ED-751AF4C5548F}"
EndProject
Project("{FAE04EC0-301F-11D3-BF4B-00C04F79EFBC}") = "Processes.Batch", "..\..\Batch\Processes.Batch\Processes.Batch.csproj", "{110FD9CB-4B37-483C-99FC-99478098DD25}"
EndProject
Project("{2150E333-8FDC-42A3-9474-1A3956D46DE8}") = "Web", "Web", "{8FC24462-BB35-4854-906B-08D72F48CC04}"
EndProject
Project("{2150E333-8FDC-42A3-9474-1A3956D46DE8}") = "Configuration", "Configuration", "{AD7FF6B3-7449-4EDE-BDF4-61A0217BF9E2}"
EndProject
Project("{FAE04EC0-301F-11D3-BF4B-00C04F79EFBC}") = "ServiceLoteClosure.Data", "..\..\Microservices\ServiceLoteClosure.Data\ServiceLoteClosure.Data.csproj", "{B56D86DF-ECD3-4815-AB4D-4628D243992D}"
EndProject
Project("{FAE04EC0-301F-11D3-BF4B-00C04F79EFBC}") = "ServiceLoteClosure.Models", "..\..\Microservices\ServiceLoteClosure.Models\ServiceLoteClosure.Models.csproj", "{C3014AAC-98BC-496B-AC2F-DA62EAF305E0}"
EndProject
Project("{FAE04EC0-301F-11D3-BF4B-00C04F79EFBC}") = "LoteClosureServices.Business", "..\..\Microservices\LoteClosureServices.Business\LoteClosureServices.Business.csproj", "{2989C2E5-64F4-4208-A801-6BCCFD0C720C}"
EndProject
Project("{2150E333-8FDC-42A3-9474-1A3956D46DE8}") = "LoteClosureBatch", "LoteClosureBatch", "{9AD9C4F4-0548-446E-8316-6755D43C4D10}"
EndProject
Global
	GlobalSection(SolutionConfigurationPlatforms) = preSolution
		Debug|Any CPU = Debug|Any CPU
		Release|Any CPU = Release|Any CPU
	EndGlobalSection
	GlobalSection(ProjectConfigurationPlatforms) = postSolution
		{5ACB659B-B211-4CBF-99F9-984A84823B59}.Debug|Any CPU.ActiveCfg = Debug|Any CPU
		{5ACB659B-B211-4CBF-99F9-984A84823B59}.Debug|Any CPU.Build.0 = Debug|Any CPU
		{5ACB659B-B211-4CBF-99F9-984A84823B59}.Release|Any CPU.ActiveCfg = Release|Any CPU
		{5ACB659B-B211-4CBF-99F9-984A84823B59}.Release|Any CPU.Build.0 = Release|Any CPU
		{1DBAB8C1-C82B-45E0-B002-2F0F554BE43F}.Debug|Any CPU.ActiveCfg = Debug|Any CPU
		{1DBAB8C1-C82B-45E0-B002-2F0F554BE43F}.Debug|Any CPU.Build.0 = Debug|Any CPU
		{1DBAB8C1-C82B-45E0-B002-2F0F554BE43F}.Release|Any CPU.ActiveCfg = Release|Any CPU
		{1DBAB8C1-C82B-45E0-B002-2F0F554BE43F}.Release|Any CPU.Build.0 = Release|Any CPU
		{91D772CE-36F9-4F35-82ED-751AF4C5548F}.Debug|Any CPU.ActiveCfg = Debug|Any CPU
		{91D772CE-36F9-4F35-82ED-751AF4C5548F}.Debug|Any CPU.Build.0 = Debug|Any CPU
		{91D772CE-36F9-4F35-82ED-751AF4C5548F}.Release|Any CPU.ActiveCfg = Release|Any CPU
		{91D772CE-36F9-4F35-82ED-751AF4C5548F}.Release|Any CPU.Build.0 = Release|Any CPU
		{110FD9CB-4B37-483C-99FC-99478098DD25}.Debug|Any CPU.ActiveCfg = Debug|Any CPU
		{110FD9CB-4B37-483C-99FC-99478098DD25}.Debug|Any CPU.Build.0 = Debug|Any CPU
		{110FD9CB-4B37-483C-99FC-99478098DD25}.Release|Any CPU.ActiveCfg = Release|Any CPU
		{110FD9CB-4B37-483C-99FC-99478098DD25}.Release|Any CPU.Build.0 = Release|Any CPU
		{B56D86DF-ECD3-4815-AB4D-4628D243992D}.Debug|Any CPU.ActiveCfg = Debug|Any CPU
		{B56D86DF-ECD3-4815-AB4D-4628D243992D}.Debug|Any CPU.Build.0 = Debug|Any CPU
		{B56D86DF-ECD3-4815-AB4D-4628D243992D}.Release|Any CPU.ActiveCfg = Release|Any CPU
		{B56D86DF-ECD3-4815-AB4D-4628D243992D}.Release|Any CPU.Build.0 = Release|Any CPU
		{C3014AAC-98BC-496B-AC2F-DA62EAF305E0}.Debug|Any CPU.ActiveCfg = Debug|Any CPU
		{C3014AAC-98BC-496B-AC2F-DA62EAF305E0}.Debug|Any CPU.Build.0 = Debug|Any CPU
		{C3014AAC-98BC-496B-AC2F-DA62EAF305E0}.Release|Any CPU.ActiveCfg = Release|Any CPU
		{C3014AAC-98BC-496B-AC2F-DA62EAF305E0}.Release|Any CPU.Build.0 = Release|Any CPU
		{2989C2E5-64F4-4208-A801-6BCCFD0C720C}.Debug|Any CPU.ActiveCfg = Debug|Any CPU
		{2989C2E5-64F4-4208-A801-6BCCFD0C720C}.Debug|Any CPU.Build.0 = Debug|Any CPU
		{2989C2E5-64F4-4208-A801-6BCCFD0C720C}.Release|Any CPU.ActiveCfg = Release|Any CPU
		{2989C2E5-64F4-4208-A801-6BCCFD0C720C}.Release|Any CPU.Build.0 = Release|Any CPU
	EndGlobalSection
	GlobalSection(SolutionProperties) = preSolution
		HideSolutionNode = FALSE
	EndGlobalSection
	GlobalSection(NestedProjects) = preSolution
		{5ACB659B-B211-4CBF-99F9-984A84823B59} = {8FC24462-BB35-4854-906B-08D72F48CC04}
		{791FFFBD-F15A-4366-81CE-7D2D97A74400} = {8AE49AAB-7F7E-4E8F-9F5D-EB7A398F53DA}
		{1DBAB8C1-C82B-45E0-B002-2F0F554BE43F} = {0FC471C1-05F7-4196-A0C1-60FFAF63BD6C}
		{AE9B071E-4BC4-4CFA-AD55-6698D15BCF54} = {791FFFBD-F15A-4366-81CE-7D2D97A74400}
		{D2908EF3-2DF4-4D50-9562-602C3902BBF1} = {791FFFBD-F15A-4366-81CE-7D2D97A74400}
		{093349B3-DA63-4BBB-A0C1-3F8CBB649DB6} = {791FFFBD-F15A-4366-81CE-7D2D97A74400}
		{9CFEDDC4-F25B-44F1-9E73-50B31DA71E8E} = {791FFFBD-F15A-4366-81CE-7D2D97A74400}
		{91D772CE-36F9-4F35-82ED-751AF4C5548F} = {AE9B071E-4BC4-4CFA-AD55-6698D15BCF54}
		{110FD9CB-4B37-483C-99FC-99478098DD25} = {9AD9C4F4-0548-446E-8316-6755D43C4D10}
		{8FC24462-BB35-4854-906B-08D72F48CC04} = {6BB448FE-4C79-413F-88BC-DDFCE49F66F4}
		{AD7FF6B3-7449-4EDE-BDF4-61A0217BF9E2} = {093349B3-DA63-4BBB-A0C1-3F8CBB649DB6}
		{B56D86DF-ECD3-4815-AB4D-4628D243992D} = {093349B3-DA63-4BBB-A0C1-3F8CBB649DB6}
		{C3014AAC-98BC-496B-AC2F-DA62EAF305E0} = {9CFEDDC4-F25B-44F1-9E73-50B31DA71E8E}
		{2989C2E5-64F4-4208-A801-6BCCFD0C720C} = {D2908EF3-2DF4-4D50-9562-602C3902BBF1}
		{9AD9C4F4-0548-446E-8316-6755D43C4D10} = {DD0D7204-426A-4E1D-83FB-4446137B3C45}
	EndGlobalSection
	GlobalSection(ExtensibilityGlobals) = postSolution
		SolutionGuid = {E325D956-4F70-48FE-BAD5-095105B92FD2}
	EndGlobalSection
EndGlobal
